
Microsoft Visual Studio Solution File, Format Version 12.00
# Visual Studio Version 16
VisualStudioVersion = 16.0.31410.357
MinimumVisualStudioVersion = 10.0.40219.1
Project("{FAE04EC0-301F-11D3-BF4B-00C04F79EFBC}") = "Lesson 6 (Static Classses and Neasted Classes)", "Lesson 6 (Static Classses and Neasted Classes).csproj", "{7C771965-3A44-424D-B098-E6BED1A1FC29}"
EndProject
Global
	GlobalSection(SolutionConfigurationPlatforms) = preSolution
		Debug|Any CPU = Debug|Any CPU
		Release|Any CPU = Release|Any CPU
	EndGlobalSection
	GlobalSection(ProjectConfigurationPlatforms) = postSolution
		{7C771965-3A44-424D-B098-E6BED1A1FC29}.Debug|Any CPU.ActiveCfg = Debug|Any CPU
		{7C771965-3A44-424D-B098-E6BED1A1FC29}.Debug|Any CPU.Build.0 = Debug|Any CPU
		{7C771965-3A44-424D-B098-E6BED1A1FC29}.Release|Any CPU.ActiveCfg = Release|Any CPU
		{7C771965-3A44-424D-B098-E6BED1A1FC29}.Release|Any CPU.Build.0 = Release|Any CPU
	EndGlobalSection
	GlobalSection(SolutionProperties) = preSolution
		HideSolutionNode = FALSE
	EndGlobalSection
	GlobalSection(ExtensibilityGlobals) = postSolution
		SolutionGuid = {89254143-CDDC-4D5E-A0C6-346C8B215040}
	EndGlobalSection
EndGlobal
